
Microsoft Visual Studio Solution File, Format Version 12.00
# Visual Studio 15
VisualStudioVersion = 15.0.28010.2036
MinimumVisualStudioVersion = 10.0.40219.1
Project("{FAE04EC0-301F-11D3-BF4B-00C04F79EFBC}") = "WindowsFormsApp1", "WindowsFormsApp1\WindowsFormsApp1.csproj", "{48F91EF2-06F1-4F73-B6C0-E88CB2A1AAFF}"
EndProject
Global
	GlobalSection(SolutionConfigurationPlatforms) = preSolution
		Debug|Any CPU = Debug|Any CPU
		Release|Any CPU = Release|Any CPU
	EndGlobalSection
	GlobalSection(ProjectConfigurationPlatforms) = postSolution
		{48F91EF2-06F1-4F73-B6C0-E88CB2A1AAFF}.Debug|Any CPU.ActiveCfg = Debug|Any CPU
		{48F91EF2-06F1-4F73-B6C0-E88CB2A1AAFF}.Debug|Any CPU.Build.0 = Debug|Any CPU
		{48F91EF2-06F1-4F73-B6C0-E88CB2A1AAFF}.Release|Any CPU.ActiveCfg = Release|Any CPU
		{48F91EF2-06F1-4F73-B6C0-E88CB2A1AAFF}.Release|Any CPU.Build.0 = Release|Any CPU
	EndGlobalSection
	GlobalSection(SolutionProperties) = preSolution
		HideSolutionNode = FALSE
	EndGlobalSection
	GlobalSection(ExtensibilityGlobals) = postSolution
		SolutionGuid = {3EDF6A2F-32AE-4500-B111-6D8B37C950D9}
	EndGlobalSection
EndGlobal
